
Microsoft Visual Studio Solution File, Format Version 12.00
# Visual Studio Version 17
VisualStudioVersion = 17.9.34622.214
MinimumVisualStudioVersion = 10.0.40219.1
Project("{9A19103F-16F7-4668-BE54-9A1E7A4F7556}") = "parser", "feeder-parser\parser.csproj", "{FE5F2C15-1E06-4C24-A7E6-448A16B938F6}"
EndProject
Project("{9A19103F-16F7-4668-BE54-9A1E7A4F7556}") = "data-validator", "data-validator\data-validator.csproj", "{97A3D29F-C5D7-410C-BFA6-FB2AFC6BA921}"
EndProject
Global
	GlobalSection(SolutionConfigurationPlatforms) = preSolution
		Debug|Any CPU = Debug|Any CPU
		Release|Any CPU = Release|Any CPU
	EndGlobalSection
	GlobalSection(ProjectConfigurationPlatforms) = postSolution
		{FE5F2C15-1E06-4C24-A7E6-448A16B938F6}.Debug|Any CPU.ActiveCfg = Debug|Any CPU
		{FE5F2C15-1E06-4C24-A7E6-448A16B938F6}.Debug|Any CPU.Build.0 = Debug|Any CPU
		{FE5F2C15-1E06-4C24-A7E6-448A16B938F6}.Release|Any CPU.ActiveCfg = Release|Any CPU
		{FE5F2C15-1E06-4C24-A7E6-448A16B938F6}.Release|Any CPU.Build.0 = Release|Any CPU
		{97A3D29F-C5D7-410C-BFA6-FB2AFC6BA921}.Debug|Any CPU.ActiveCfg = Debug|Any CPU
		{97A3D29F-C5D7-410C-BFA6-FB2AFC6BA921}.Debug|Any CPU.Build.0 = Debug|Any CPU
		{97A3D29F-C5D7-410C-BFA6-FB2AFC6BA921}.Release|Any CPU.ActiveCfg = Release|Any CPU
		{97A3D29F-C5D7-410C-BFA6-FB2AFC6BA921}.Release|Any CPU.Build.0 = Release|Any CPU
	EndGlobalSection
	GlobalSection(SolutionProperties) = preSolution
		HideSolutionNode = FALSE
	EndGlobalSection
	GlobalSection(ExtensibilityGlobals) = postSolution
		SolutionGuid = {6AC21066-27E0-4508-B6D3-75A48ABE3603}
	EndGlobalSection
EndGlobal
